
Microsoft Visual Studio Solution File, Format Version 12.00
# Visual Studio Version 17
VisualStudioVersion = 17.8.34330.188
MinimumVisualStudioVersion = 10.0.40219.1
Project("{FAE04EC0-301F-11D3-BF4B-00C04F79EFBC}") = "ContactManager", "ContactManager.csproj", "{5C158241-F282-4A47-BF80-72743D712D41}"
EndProject
Global
	GlobalSection(SolutionConfigurationPlatforms) = preSolution
		Debug|Any CPU = Debug|Any CPU
		Release|Any CPU = Release|Any CPU
	EndGlobalSection
	GlobalSection(ProjectConfigurationPlatforms) = postSolution
		{5C158241-F282-4A47-BF80-72743D712D41}.Debug|Any CPU.ActiveCfg = Debug|Any CPU
		{5C158241-F282-4A47-BF80-72743D712D41}.Debug|Any CPU.Build.0 = Debug|Any CPU
		{5C158241-F282-4A47-BF80-72743D712D41}.Release|Any CPU.ActiveCfg = Release|Any CPU
		{5C158241-F282-4A47-BF80-72743D712D41}.Release|Any CPU.Build.0 = Release|Any CPU
	EndGlobalSection
	GlobalSection(SolutionProperties) = preSolution
		HideSolutionNode = FALSE
	EndGlobalSection
	GlobalSection(ExtensibilityGlobals) = postSolution
		SolutionGuid = {F3261BF7-6494-480C-B4F5-FF66473D16A6}
	EndGlobalSection
EndGlobal
